
Microsoft Visual Studio Solution File, Format Version 12.00
Project("{2150E333-8FDC-42A3-9474-1A3956D46DE8}") = "Src", "Src", "{891AB532-8F8B-475A-B8B6-71C6C6AB44CE}"
EndProject
Project("{FAE04EC0-301F-11D3-BF4B-00C04F79EFBC}") = "kidsffw.Domain", "kidsffw.Domain\kidsffw.Domain.csproj", "{58541613-9C65-4524-BDB6-58383381B5D3}"
EndProject
Project("{FAE04EC0-301F-11D3-BF4B-00C04F79EFBC}") = "kidsffw.API", "kidsffw.API\kidsffw.API.csproj", "{CA906B06-7997-4F72-ACBC-668B84596759}"
EndProject
Project("{FAE04EC0-301F-11D3-BF4B-00C04F79EFBC}") = "kidsffw.Infrastructure", "kidsffw.Infrastructure\kidsffw.Infrastructure.csproj", "{D25AE5EE-2D7F-4253-BCF7-DB2D8448AA72}"
EndProject
Project("{FAE04EC0-301F-11D3-BF4B-00C04F79EFBC}") = "kidsffw.Application", "kidsffw.Application\kidsffw.Application.csproj", "{D4F17DE6-C31F-4328-BC94-9D1701D27E76}"
EndProject
Global
	GlobalSection(SolutionConfigurationPlatforms) = preSolution
		Debug|Any CPU = Debug|Any CPU
		Release|Any CPU = Release|Any CPU
	EndGlobalSection
	GlobalSection(NestedProjects) = preSolution
		{58541613-9C65-4524-BDB6-58383381B5D3} = {891AB532-8F8B-475A-B8B6-71C6C6AB44CE}
		{CA906B06-7997-4F72-ACBC-668B84596759} = {891AB532-8F8B-475A-B8B6-71C6C6AB44CE}
		{D25AE5EE-2D7F-4253-BCF7-DB2D8448AA72} = {891AB532-8F8B-475A-B8B6-71C6C6AB44CE}
		{D4F17DE6-C31F-4328-BC94-9D1701D27E76} = {891AB532-8F8B-475A-B8B6-71C6C6AB44CE}
	EndGlobalSection
	GlobalSection(ProjectConfigurationPlatforms) = postSolution
		{58541613-9C65-4524-BDB6-58383381B5D3}.Debug|Any CPU.ActiveCfg = Debug|Any CPU
		{58541613-9C65-4524-BDB6-58383381B5D3}.Debug|Any CPU.Build.0 = Debug|Any CPU
		{58541613-9C65-4524-BDB6-58383381B5D3}.Release|Any CPU.ActiveCfg = Release|Any CPU
		{58541613-9C65-4524-BDB6-58383381B5D3}.Release|Any CPU.Build.0 = Release|Any CPU
		{CA906B06-7997-4F72-ACBC-668B84596759}.Debug|Any CPU.ActiveCfg = Debug|Any CPU
		{CA906B06-7997-4F72-ACBC-668B84596759}.Debug|Any CPU.Build.0 = Debug|Any CPU
		{CA906B06-7997-4F72-ACBC-668B84596759}.Release|Any CPU.ActiveCfg = Release|Any CPU
		{CA906B06-7997-4F72-ACBC-668B84596759}.Release|Any CPU.Build.0 = Release|Any CPU
		{D25AE5EE-2D7F-4253-BCF7-DB2D8448AA72}.Debug|Any CPU.ActiveCfg = Debug|Any CPU
		{D25AE5EE-2D7F-4253-BCF7-DB2D8448AA72}.Debug|Any CPU.Build.0 = Debug|Any CPU
		{D25AE5EE-2D7F-4253-BCF7-DB2D8448AA72}.Release|Any CPU.ActiveCfg = Release|Any CPU
		{D25AE5EE-2D7F-4253-BCF7-DB2D8448AA72}.Release|Any CPU.Build.0 = Release|Any CPU
		{D4F17DE6-C31F-4328-BC94-9D1701D27E76}.Debug|Any CPU.ActiveCfg = Debug|Any CPU
		{D4F17DE6-C31F-4328-BC94-9D1701D27E76}.Debug|Any CPU.Build.0 = Debug|Any CPU
		{D4F17DE6-C31F-4328-BC94-9D1701D27E76}.Release|Any CPU.ActiveCfg = Release|Any CPU
		{D4F17DE6-C31F-4328-BC94-9D1701D27E76}.Release|Any CPU.Build.0 = Release|Any CPU
	EndGlobalSection
EndGlobal
